
Microsoft Visual Studio Solution File, Format Version 12.00
# Visual Studio Version 16
VisualStudioVersion = 16.0.32602.291
MinimumVisualStudioVersion = 10.0.40219.1
Project("{FAE04EC0-301F-11D3-BF4B-00C04F79EFBC}") = "CarShowRoom", "CarShowRoom.csproj", "{40EF784C-EAE0-47D4-A929-DEAD2E967015}"
EndProject
Global
	GlobalSection(SolutionConfigurationPlatforms) = preSolution
		Debug|Any CPU = Debug|Any CPU
		Release|Any CPU = Release|Any CPU
	EndGlobalSection
	GlobalSection(ProjectConfigurationPlatforms) = postSolution
		{40EF784C-EAE0-47D4-A929-DEAD2E967015}.Debug|Any CPU.ActiveCfg = Debug|Any CPU
		{40EF784C-EAE0-47D4-A929-DEAD2E967015}.Debug|Any CPU.Build.0 = Debug|Any CPU
		{40EF784C-EAE0-47D4-A929-DEAD2E967015}.Release|Any CPU.ActiveCfg = Release|Any CPU
		{40EF784C-EAE0-47D4-A929-DEAD2E967015}.Release|Any CPU.Build.0 = Release|Any CPU
	EndGlobalSection
	GlobalSection(SolutionProperties) = preSolution
		HideSolutionNode = FALSE
	EndGlobalSection
	GlobalSection(ExtensibilityGlobals) = postSolution
		SolutionGuid = {4804E5B0-419E-4135-AE07-6BE29BA86FFF}
	EndGlobalSection
EndGlobal
